
Microsoft Visual Studio Solution File, Format Version 12.00
# Visual Studio Version 16
VisualStudioVersion = 16.0.30413.136
MinimumVisualStudioVersion = 15.0.26124.0
Project("{9A19103F-16F7-4668-BE54-9A1E7A4F7556}") = "OrchardSkills.OrchardCore.ClientApp", "OrchardSkills.OrchardCore.ClientApp\OrchardSkills.OrchardCore.ClientApp.csproj", "{78DA3C86-7119-46EA-968C-BC2E69E91263}"
EndProject
Project("{9A19103F-16F7-4668-BE54-9A1E7A4F7556}") = "OrchardSkills.OrchardCore.OrchardCMS", "OrchardSkills.OrchardCore.OrchardCMS\OrchardSkills.OrchardCore.OrchardCMS.csproj", "{2F969BEE-FFF3-4D50-99CF-1D91B4499B79}"
EndProject
Project("{2150E333-8FDC-42A3-9474-1A3956D46DE8}") = "Solution Items", "Solution Items", "{47743E7A-44D0-4D69-9459-A904C0459E6F}"
	ProjectSection(SolutionItems) = preProject
		.gitignore = .gitignore
		LICENSE = LICENSE
		Nuget.config = Nuget.config
		README.md = README.md
	EndProjectSection
EndProject
Global
	GlobalSection(SolutionConfigurationPlatforms) = preSolution
		Debug|Any CPU = Debug|Any CPU
		Debug|x64 = Debug|x64
		Debug|x86 = Debug|x86
		Release|Any CPU = Release|Any CPU
		Release|x64 = Release|x64
		Release|x86 = Release|x86
	EndGlobalSection
	GlobalSection(ProjectConfigurationPlatforms) = postSolution
		{78DA3C86-7119-46EA-968C-BC2E69E91263}.Debug|Any CPU.ActiveCfg = Debug|Any CPU
		{78DA3C86-7119-46EA-968C-BC2E69E91263}.Debug|Any CPU.Build.0 = Debug|Any CPU
		{78DA3C86-7119-46EA-968C-BC2E69E91263}.Debug|x64.ActiveCfg = Debug|Any CPU
		{78DA3C86-7119-46EA-968C-BC2E69E91263}.Debug|x64.Build.0 = Debug|Any CPU
		{78DA3C86-7119-46EA-968C-BC2E69E91263}.Debug|x86.ActiveCfg = Debug|Any CPU
		{78DA3C86-7119-46EA-968C-BC2E69E91263}.Debug|x86.Build.0 = Debug|Any CPU
		{78DA3C86-7119-46EA-968C-BC2E69E91263}.Release|Any CPU.ActiveCfg = Release|Any CPU
		{78DA3C86-7119-46EA-968C-BC2E69E91263}.Release|Any CPU.Build.0 = Release|Any CPU
		{78DA3C86-7119-46EA-968C-BC2E69E91263}.Release|x64.ActiveCfg = Release|Any CPU
		{78DA3C86-7119-46EA-968C-BC2E69E91263}.Release|x64.Build.0 = Release|Any CPU
		{78DA3C86-7119-46EA-968C-BC2E69E91263}.Release|x86.ActiveCfg = Release|Any CPU
		{78DA3C86-7119-46EA-968C-BC2E69E91263}.Release|x86.Build.0 = Release|Any CPU
		{2F969BEE-FFF3-4D50-99CF-1D91B4499B79}.Debug|Any CPU.ActiveCfg = Debug|Any CPU
		{2F969BEE-FFF3-4D50-99CF-1D91B4499B79}.Debug|Any CPU.Build.0 = Debug|Any CPU
		{2F969BEE-FFF3-4D50-99CF-1D91B4499B79}.Debug|x64.ActiveCfg = Debug|Any CPU
		{2F969BEE-FFF3-4D50-99CF-1D91B4499B79}.Debug|x64.Build.0 = Debug|Any CPU
		{2F969BEE-FFF3-4D50-99CF-1D91B4499B79}.Debug|x86.ActiveCfg = Debug|Any CPU
		{2F969BEE-FFF3-4D50-99CF-1D91B4499B79}.Debug|x86.Build.0 = Debug|Any CPU
		{2F969BEE-FFF3-4D50-99CF-1D91B4499B79}.Release|Any CPU.ActiveCfg = Release|Any CPU
		{2F969BEE-FFF3-4D50-99CF-1D91B4499B79}.Release|Any CPU.Build.0 = Release|Any CPU
		{2F969BEE-FFF3-4D50-99CF-1D91B4499B79}.Release|x64.ActiveCfg = Release|Any CPU
		{2F969BEE-FFF3-4D50-99CF-1D91B4499B79}.Release|x64.Build.0 = Release|Any CPU
		{2F969BEE-FFF3-4D50-99CF-1D91B4499B79}.Release|x86.ActiveCfg = Release|Any CPU
		{2F969BEE-FFF3-4D50-99CF-1D91B4499B79}.Release|x86.Build.0 = Release|Any CPU
	EndGlobalSection
	GlobalSection(SolutionProperties) = preSolution
		HideSolutionNode = FALSE
	EndGlobalSection
	GlobalSection(ExtensibilityGlobals) = postSolution
		SolutionGuid = {5D7004B4-75EF-4210-A469-BE86C2BCB44F}
	EndGlobalSection
EndGlobal
